
Microsoft Visual Studio Solution File, Format Version 12.00
# Visual Studio Version 17
VisualStudioVersion = 17.14.36127.28
MinimumVisualStudioVersion = 10.0.40219.1
Project("{2150E333-8FDC-42A3-9474-1A3956D46DE8}") = "src", "src", "{02EA681E-C7D8-13C7-8484-4AC65E1B71E8}"
EndProject
Project("{2150E333-8FDC-42A3-9474-1A3956D46DE8}") = "test", "test", "{22B6A2C3-B551-4BFD-BCE2-A98EACBCF7FB}"
EndProject
Project("{FAE04EC0-301F-11D3-BF4B-00C04F79EFBC}") = "HSP.API", "src\HSP.API\HSP.API.csproj", "{C2EF8FA4-0814-3414-AFE1-5155ED7DAEAA}"
EndProject
Project("{FAE04EC0-301F-11D3-BF4B-00C04F79EFBC}") = "HSP.Core", "src\HSP.Core\HSP.Core.csproj", "{43AF8C8B-E2AA-47AD-7D62-6B24D558DC15}"
EndProject
Project("{FAE04EC0-301F-11D3-BF4B-00C04F79EFBC}") = "HSP.DAL", "src\HSP.DAL\HSP.DAL.csproj", "{61E5F9A1-F468-4DEB-FAB3-916397C1A9D3}"
EndProject
Project("{FAE04EC0-301F-11D3-BF4B-00C04F79EFBC}") = "HSP.Api.Test", "test\HSP.Api.Test\HSP.Api.Test.csproj", "{8C72A3AB-1412-1A08-CAA9-FA58F45008D1}"
EndProject
Project("{FAE04EC0-301F-11D3-BF4B-00C04F79EFBC}") = "HSP.Service.Test", "test\HSP.Service.Test\HSP.Service.Test.csproj", "{9F2640F0-8211-5A9D-7679-0063A40ACBE9}"
EndProject
Project("{FAE04EC0-301F-11D3-BF4B-00C04F79EFBC}") = "HSP.Service", "src\HSP.Service\HSP.Service.csproj", "{CA26518C-6F4A-7941-498F-CF6A8396FBE8}"
EndProject
Global
	GlobalSection(SolutionConfigurationPlatforms) = preSolution
		Debug|Any CPU = Debug|Any CPU
		Release|Any CPU = Release|Any CPU
	EndGlobalSection
	GlobalSection(ProjectConfigurationPlatforms) = postSolution
		{C2EF8FA4-0814-3414-AFE1-5155ED7DAEAA}.Debug|Any CPU.ActiveCfg = Debug|Any CPU
		{C2EF8FA4-0814-3414-AFE1-5155ED7DAEAA}.Debug|Any CPU.Build.0 = Debug|Any CPU
		{C2EF8FA4-0814-3414-AFE1-5155ED7DAEAA}.Release|Any CPU.ActiveCfg = Release|Any CPU
		{C2EF8FA4-0814-3414-AFE1-5155ED7DAEAA}.Release|Any CPU.Build.0 = Release|Any CPU
		{43AF8C8B-E2AA-47AD-7D62-6B24D558DC15}.Debug|Any CPU.ActiveCfg = Debug|Any CPU
		{43AF8C8B-E2AA-47AD-7D62-6B24D558DC15}.Debug|Any CPU.Build.0 = Debug|Any CPU
		{43AF8C8B-E2AA-47AD-7D62-6B24D558DC15}.Release|Any CPU.ActiveCfg = Release|Any CPU
		{43AF8C8B-E2AA-47AD-7D62-6B24D558DC15}.Release|Any CPU.Build.0 = Release|Any CPU
		{61E5F9A1-F468-4DEB-FAB3-916397C1A9D3}.Debug|Any CPU.ActiveCfg = Debug|Any CPU
		{61E5F9A1-F468-4DEB-FAB3-916397C1A9D3}.Debug|Any CPU.Build.0 = Debug|Any CPU
		{61E5F9A1-F468-4DEB-FAB3-916397C1A9D3}.Release|Any CPU.ActiveCfg = Release|Any CPU
		{61E5F9A1-F468-4DEB-FAB3-916397C1A9D3}.Release|Any CPU.Build.0 = Release|Any CPU
		{8C72A3AB-1412-1A08-CAA9-FA58F45008D1}.Debug|Any CPU.ActiveCfg = Debug|Any CPU
		{8C72A3AB-1412-1A08-CAA9-FA58F45008D1}.Debug|Any CPU.Build.0 = Debug|Any CPU
		{8C72A3AB-1412-1A08-CAA9-FA58F45008D1}.Release|Any CPU.ActiveCfg = Release|Any CPU
		{8C72A3AB-1412-1A08-CAA9-FA58F45008D1}.Release|Any CPU.Build.0 = Release|Any CPU
		{9F2640F0-8211-5A9D-7679-0063A40ACBE9}.Debug|Any CPU.ActiveCfg = Debug|Any CPU
		{9F2640F0-8211-5A9D-7679-0063A40ACBE9}.Debug|Any CPU.Build.0 = Debug|Any CPU
		{9F2640F0-8211-5A9D-7679-0063A40ACBE9}.Release|Any CPU.ActiveCfg = Release|Any CPU
		{9F2640F0-8211-5A9D-7679-0063A40ACBE9}.Release|Any CPU.Build.0 = Release|Any CPU
		{CA26518C-6F4A-7941-498F-CF6A8396FBE8}.Debug|Any CPU.ActiveCfg = Debug|Any CPU
		{CA26518C-6F4A-7941-498F-CF6A8396FBE8}.Debug|Any CPU.Build.0 = Debug|Any CPU
		{CA26518C-6F4A-7941-498F-CF6A8396FBE8}.Release|Any CPU.ActiveCfg = Release|Any CPU
		{CA26518C-6F4A-7941-498F-CF6A8396FBE8}.Release|Any CPU.Build.0 = Release|Any CPU
	EndGlobalSection
	GlobalSection(SolutionProperties) = preSolution
		HideSolutionNode = FALSE
	EndGlobalSection
	GlobalSection(NestedProjects) = preSolution
		{C2EF8FA4-0814-3414-AFE1-5155ED7DAEAA} = {02EA681E-C7D8-13C7-8484-4AC65E1B71E8}
		{43AF8C8B-E2AA-47AD-7D62-6B24D558DC15} = {02EA681E-C7D8-13C7-8484-4AC65E1B71E8}
		{61E5F9A1-F468-4DEB-FAB3-916397C1A9D3} = {02EA681E-C7D8-13C7-8484-4AC65E1B71E8}
		{8C72A3AB-1412-1A08-CAA9-FA58F45008D1} = {22B6A2C3-B551-4BFD-BCE2-A98EACBCF7FB}
		{9F2640F0-8211-5A9D-7679-0063A40ACBE9} = {22B6A2C3-B551-4BFD-BCE2-A98EACBCF7FB}
	EndGlobalSection
	GlobalSection(ExtensibilityGlobals) = postSolution
		SolutionGuid = {86B2F73A-BFCF-48C3-94AB-71312162B31A}
	EndGlobalSection
EndGlobal
